
Microsoft Visual Studio Solution File, Format Version 12.00
# Visual Studio Version 16
VisualStudioVersion = 16.0.30330.147
MinimumVisualStudioVersion = 10.0.40219.1
Project("{FAE04EC0-301F-11D3-BF4B-00C04F79EFBC}") = "WindowsForms", "WindowsForms\WindowsForms.csproj", "{842988AB-FD99-4226-A956-3AC08DE243B9}"
EndProject
Project("{FAE04EC0-301F-11D3-BF4B-00C04F79EFBC}") = "Dominio", "Dominio\Dominio.csproj", "{A7324866-CAAB-4598-A4B1-53DCD6F79C26}"
EndProject
Project("{FAE04EC0-301F-11D3-BF4B-00C04F79EFBC}") = "Datos", "Datos\Datos.csproj", "{5985F027-5B9D-45A2-A7C5-809297B7EAA7}"
EndProject
Global
	GlobalSection(SolutionConfigurationPlatforms) = preSolution
		Debug|Any CPU = Debug|Any CPU
		Release|Any CPU = Release|Any CPU
	EndGlobalSection
	GlobalSection(ProjectConfigurationPlatforms) = postSolution
		{842988AB-FD99-4226-A956-3AC08DE243B9}.Debug|Any CPU.ActiveCfg = Debug|Any CPU
		{842988AB-FD99-4226-A956-3AC08DE243B9}.Debug|Any CPU.Build.0 = Debug|Any CPU
		{842988AB-FD99-4226-A956-3AC08DE243B9}.Release|Any CPU.ActiveCfg = Release|Any CPU
		{842988AB-FD99-4226-A956-3AC08DE243B9}.Release|Any CPU.Build.0 = Release|Any CPU
		{A7324866-CAAB-4598-A4B1-53DCD6F79C26}.Debug|Any CPU.ActiveCfg = Debug|Any CPU
		{A7324866-CAAB-4598-A4B1-53DCD6F79C26}.Debug|Any CPU.Build.0 = Debug|Any CPU
		{A7324866-CAAB-4598-A4B1-53DCD6F79C26}.Release|Any CPU.ActiveCfg = Release|Any CPU
		{A7324866-CAAB-4598-A4B1-53DCD6F79C26}.Release|Any CPU.Build.0 = Release|Any CPU
		{5985F027-5B9D-45A2-A7C5-809297B7EAA7}.Debug|Any CPU.ActiveCfg = Debug|Any CPU
		{5985F027-5B9D-45A2-A7C5-809297B7EAA7}.Debug|Any CPU.Build.0 = Debug|Any CPU
		{5985F027-5B9D-45A2-A7C5-809297B7EAA7}.Release|Any CPU.ActiveCfg = Release|Any CPU
		{5985F027-5B9D-45A2-A7C5-809297B7EAA7}.Release|Any CPU.Build.0 = Release|Any CPU
	EndGlobalSection
	GlobalSection(SolutionProperties) = preSolution
		HideSolutionNode = FALSE
	EndGlobalSection
	GlobalSection(ExtensibilityGlobals) = postSolution
		SolutionGuid = {EF522FD2-96F7-454B-B46B-4ECEA52D79CE}
	EndGlobalSection
EndGlobal
